// !$*UTF8*$!
{
	archiveVersion = 1;
	classes = {
	};
	objectVersion = 48;
	objects = {

/* Begin PBXBuildFile section */
		893C182520DA35F40036012A /* AppDelegate.m in Sources */ = {isa = PBXBuildFile; fileRef = 893C182420DA35F40036012A /* AppDelegate.m */; };
		893C182820DA35F40036012A /* ViewController.m in Sources */ = {isa = PBXBuildFile; fileRef = 893C182720DA35F40036012A /* ViewController.m */; };
		893C182B20DA35F40036012A /* Main.storyboard in Resources */ = {isa = PBXBuildFile; fileRef = 893C182920DA35F40036012A /* Main.storyboard */; };
		893C182D20DA35F40036012A /* Assets.xcassets in Resources */ = {isa = PBXBuildFile; fileRef = 893C182C20DA35F40036012A /* Assets.xcassets */; };
		893C183020DA35F40036012A /* LaunchScreen.storyboard in Resources */ = {isa = PBXBuildFile; fileRef = 893C182E20DA35F40036012A /* LaunchScreen.storyboard */; };
		893C183320DA35F40036012A /* main.m in Sources */ = {isa = PBXBuildFile; fileRef = 893C183220DA35F40036012A /* main.m */; };
		893C183D20DA35F40036012A /* ____Tests.m in Sources */ = {isa = PBXBuildFile; fileRef = 893C183C20DA35F40036012A /* ____Tests.m */; };
		893C184820DA35F40036012A /* ____UITests.m in Sources */ = {isa = PBXBuildFile; fileRef = 893C184720DA35F40036012A /* ____UITests.m */; };
/* End PBXBuildFile section */

/* Begin PBXContainerItemProxy section */
		893C183920DA35F40036012A /* PBXContainerItemProxy */ = {
			isa = PBXContainerItemProxy;
			containerPortal = 893C181820DA35F40036012A /* Project object */;
			proxyType = 1;
			remoteGlobalIDString = 893C181F20DA35F40036012A;
			remoteInfo = "图片合成";
		};
		893C184420DA35F40036012A /* PBXContainerItemProxy */ = {
			isa = PBXContainerItemProxy;
			containerPortal = 893C181820DA35F40036012A /* Project object */;
			proxyType = 1;
			remoteGlobalIDString = 893C181F20DA35F40036012A;
			remoteInfo = "图片合成";
		};
/* End PBXContainerItemProxy section */

/* Begin PBXFileReference section */
		893C182020DA35F40036012A /* 图片合成.app */ = {isa = PBXFileReference; explicitFileType = wrapper.application; includeInIndex = 0; path = "图片合成.app"; sourceTree = BUILT_PRODUCTS_DIR; };
		893C182320DA35F40036012A /* AppDelegate.h */ = {isa = PBXFileReference; lastKnownFileType = sourcecode.c.h; path = AppDelegate.h; sourceTree = "<group>"; };
		893C182420DA35F40036012A /* AppDelegate.m */ = {isa = PBXFileReference; lastKnownFileType = sourcecode.c.objc; path = AppDelegate.m; sourceTree = "<group>"; };
		893C182620DA35F40036012A /* ViewController.h */ = {isa = PBXFileReference; lastKnownFileType = sourcecode.c.h; path = ViewController.h; sourceTree = "<group>"; };
		893C182720DA35F40036012A /* ViewController.m */ = {isa = PBXFileReference; lastKnownFileType = sourcecode.c.objc; path = ViewController.m; sourceTree = "<group>"; };
		893C182A20DA35F40036012A /* Base */ = {isa = PBXFileReference; lastKnownFileType = file.storyboard; name = Base; path = Base.lproj/Main.storyboard; sourceTree = "<group>"; };
		893C182C20DA35F40036012A /* Assets.xcassets */ = {isa = PBXFileReference; lastKnownFileType = folder.assetcatalog; path = Assets.xcassets; sourceTree = "<group>"; };
		893C182F20DA35F40036012A /* Base */ = {isa = PBXFileReference; lastKnownFileType = file.storyboard; name = Base; path = Base.lproj/LaunchScreen.storyboard; sourceTree = "<group>"; };
		893C183120DA35F40036012A /* Info.plist */ = {isa = PBXFileReference; lastKnownFileType = text.plist.xml; path = Info.plist; sourceTree = "<group>"; };
		893C183220DA35F40036012A /* main.m */ = {isa = PBXFileReference; lastKnownFileType = sourcecode.c.objc; path = main.m; sourceTree = "<group>"; };
		893C183820DA35F40036012A /* 图片合成Tests.xctest */ = {isa = PBXFileReference; explicitFileType = wrapper.cfbundle; includeInIndex = 0; path = "图片合成Tests.xctest"; sourceTree = BUILT_PRODUCTS_DIR; };
		893C183C20DA35F40036012A /* ____Tests.m */ = {isa = PBXFileReference; lastKnownFileType = sourcecode.c.objc; path = "____Tests.m"; sourceTree = "<group>"; };
		893C183E20DA35F40036012A /* Info.plist */ = {isa = PBXFileReference; lastKnownFileType = text.plist.xml; path = Info.plist; sourceTree = "<group>"; };
		893C184320DA35F40036012A /* 图片合成UITests.xctest */ = {isa = PBXFileReference; explicitFileType = wrapper.cfbundle; includeInIndex = 0; path = "图片合成UITests.xctest"; sourceTree = BUILT_PRODUCTS_DIR; };
		893C184720DA35F40036012A /* ____UITests.m */ = {isa = PBXFileReference; lastKnownFileType = sourcecode.c.objc; path = "____UITests.m"; sourceTree = "<group>"; };
		893C184920DA35F40036012A /* Info.plist */ = {isa = PBXFileReference; lastKnownFileType = text.plist.xml; path = Info.plist; sourceTree = "<group>"; };
/* End PBXFileReference section */

/* Begin PBXFrameworksBuildPhase section */
		893C181D20DA35F40036012A /* Frameworks */ = {
			isa = PBXFrameworksBuildPhase;
			buildActionMask = 2147483647;
			files = (
			);
			runOnlyForDeploymentPostprocessing = 0;
		};
		893C183520DA35F40036012A /* Frameworks */ = {
			isa = PBXFrameworksBuildPhase;
			buildActionMask = 2147483647;
			files = (
			);
			runOnlyForDeploymentPostprocessing = 0;
		};
		893C184020DA35F40036012A /* Frameworks */ = {
			isa = PBXFrameworksBuildPhase;
			buildActionMask = 2147483647;
			files = (
			);
			runOnlyForDeploymentPostprocessing = 0;
		};
/* End PBXFrameworksBuildPhase section */

/* Begin PBXGroup section */
		893C181720DA35F40036012A = {
			isa = PBXGroup;
			children = (
				893C182220DA35F40036012A /* 图片合成 */,
				893C183B20DA35F40036012A /* 图片合成Tests */,
				893C184620DA35F40036012A /* 图片合成UITests */,
				893C182120DA35F40036012A /* Products */,
			);
			sourceTree = "<group>";
		};
		893C182120DA35F40036012A /* Products */ = {
			isa = PBXGroup;
			children = (
				893C182020DA35F40036012A /* 图片合成.app */,
				893C183820DA35F40036012A /* 图片合成Tests.xctest */,
				893C184320DA35F40036012A /* 图片合成UITests.xctest */,
			);
			name = Products;
			sourceTree = "<group>";
		};
		893C182220DA35F40036012A /* 图片合成 */ = {
			isa = PBXGroup;
			children = (
				893C182320DA35F40036012A /* AppDelegate.h */,
				893C182420DA35F40036012A /* AppDelegate.m */,
				893C182620DA35F40036012A /* ViewController.h */,
				893C182720DA35F40036012A /* ViewController.m */,
				893C182920DA35F40036012A /* Main.storyboard */,
				893C182C20DA35F40036012A /* Assets.xcassets */,
				893C182E20DA35F40036012A /* LaunchScreen.storyboard */,
				893C183120DA35F40036012A /* Info.plist */,
				893C183220DA35F40036012A /* main.m */,
			);
			path = "图片合成";
			sourceTree = "<group>";
		};
		893C183B20DA35F40036012A /* 图片合成Tests */ = {
			isa = PBXGroup;
			children = (
				893C183C20DA35F40036012A /* ____Tests.m */,
				893C183E20DA35F40036012A /* Info.plist */,
			);
			path = "图片合成Tests";
			sourceTree = "<group>";
		};
		893C184620DA35F40036012A /* 图片合成UITests */ = {
			isa = PBXGroup;
			children = (
				893C184720DA35F40036012A /* ____UITests.m */,
				893C184920DA35F40036012A /* Info.plist */,
			);
			path = "图片合成UITests";
			sourceTree = "<group>";
		};
/* End PBXGroup section */

/* Begin PBXNativeTarget section */
		893C181F20DA35F40036012A /* 图片合成 */ = {
			isa = PBXNativeTarget;
			buildConfigurationList = 893C184C20DA35F40036012A /* Build configuration list for PBXNativeTarget "图片合成" */;
			buildPhases = (
				893C181C20DA35F40036012A /* Sources */,
				893C181D20DA35F40036012A /* Frameworks */,
				893C181E20DA35F40036012A /* Resources */,
			);
			buildRules = (
			);
			dependencies = (
			);
			name = "图片合成";
			productName = "图片合成";
			productReference = 893C182020DA35F40036012A /* 图片合成.app */;
			productType = "com.apple.product-type.application";
		};
		893C183720DA35F40036012A /* 图片合成Tests */ = {
			isa = PBXNativeTarget;
			buildConfigurationList = 893C184F20DA35F40036012A /* Build configuration list for PBXNativeTarget "图片合成Tests" */;
			buildPhases = (
				893C183420DA35F40036012A /* Sources */,
				893C183520DA35F40036012A /* Frameworks */,
				893C183620DA35F40036012A /* Resources */,
			);
			buildRules = (
			);
			dependencies = (
				893C183A20DA35F40036012A /* PBXTargetDependency */,
			);
			name = "图片合成Tests";
			productName = "图片合成Tests";
			productReference = 893C183820DA35F40036012A /* 图片合成Tests.xctest */;
			productType = "com.apple.product-type.bundle.unit-test";
		};
		893C184220DA35F40036012A /* 图片合成UITests */ = {
			isa = PBXNativeTarget;
			buildConfigurationList = 893C185220DA35F40036012A /* Build configuration list for PBXNativeTarget "图片合成UITests" */;
			buildPhases = (
				893C183F20DA35F40036012A /* Sources */,
				893C184020DA35F40036012A /* Frameworks */,
				893C184120DA35F40036012A /* Resources */,
			);
			buildRules = (
			);
			dependencies = (
				893C184520DA35F40036012A /* PBXTargetDependency */,
			);
			name = "图片合成UITests";
			productName = "图片合成UITests";
			productReference = 893C184320DA35F40036012A /* 图片合成UITests.xctest */;
			productType = "com.apple.product-type.bundle.ui-testing";
		};
/* End PBXNativeTarget section */

/* Begin PBXProject section */
		893C181820DA35F40036012A /* Project object */ = {
			isa = PBXProject;
			attributes = {
				LastUpgradeCheck = 0920;
				ORGANIZATIONNAME = Mac1;
				TargetAttributes = {
					893C181F20DA35F40036012A = {
						CreatedOnToolsVersion = 9.2;
						ProvisioningStyle = Automatic;
					};
					893C183720DA35F40036012A = {
						CreatedOnToolsVersion = 9.2;
						ProvisioningStyle = Automatic;
						TestTargetID = 893C181F20DA35F40036012A;
					};
					893C184220DA35F40036012A = {
						CreatedOnToolsVersion = 9.2;
						ProvisioningStyle = Automatic;
						TestTargetID = 893C181F20DA35F40036012A;
					};
				};
			};
			buildConfigurationList = 893C181B20DA35F40036012A /* Build configuration list for PBXProject "图片合成" */;
			compatibilityVersion = "Xcode 8.0";
			developmentRegion = en;
			hasScannedForEncodings = 0;
			knownRegions = (
				en,
				Base,
			);
			mainGroup = 893C181720DA35F40036012A;
			productRefGroup = 893C182120DA35F40036012A /* Products */;
			projectDirPath = "";
			projectRoot = "";
			targets = (
				893C181F20DA35F40036012A /* 图片合成 */,
				893C183720DA35F40036012A /* 图片合成Tests */,
				893C184220DA35F40036012A /* 图片合成UITests */,
			);
		};
/* End PBXProject section */

/* Begin PBXResourcesBuildPhase section */
		893C181E20DA35F40036012A /* Resources */ = {
			isa = PBXResourcesBuildPhase;
			buildActionMask = 2147483647;
			files = (
				893C183020DA35F40036012A /* LaunchScreen.storyboard in Resources */,
				893C182D20DA35F40036012A /* Assets.xcassets in Resources */,
				893C182B20DA35F40036012A /* Main.storyboard in Resources */,
			);
			runOnlyForDeploymentPostprocessing = 0;
		};
		893C183620DA35F40036012A /* Resources */ = {
			isa = PBXResourcesBuildPhase;
			buildActionMask = 2147483647;
			files = (
			);
			runOnlyForDeploymentPostprocessing = 0;
		};
		893C184120DA35F40036012A /* Resources */ = {
			isa = PBXResourcesBuildPhase;
			buildActionMask = 2147483647;
			files = (
			);
			runOnlyForDeploymentPostprocessing = 0;
		};
/* End PBXResourcesBuildPhase section */

/* Begin PBXSourcesBuildPhase section */
		893C181C20DA35F40036012A /* Sources */ = {
			isa = PBXSourcesBuildPhase;
			buildActionMask = 2147483647;
			files = (
				893C182820DA35F40036012A /* ViewController.m in Sources */,
				893C183320DA35F40036012A /* main.m in Sources */,
				893C182520DA35F40036012A /* AppDelegate.m in Sources */,
			);
			runOnlyForDeploymentPostprocessing = 0;
		};
		893C183420DA35F40036012A /* Sources */ = {
			isa = PBXSourcesBuildPhase;
			buildActionMask = 2147483647;
			files = (
				893C183D20DA35F40036012A /* ____Tests.m in Sources */,
			);
			runOnlyForDeploymentPostprocessing = 0;
		};
		893C183F20DA35F40036012A /* Sources */ = {
			isa = PBXSourcesBuildPhase;
			buildActionMask = 2147483647;
			files = (
				893C184820DA35F40036012A /* ____UITests.m in Sources */,
			);
			runOnlyForDeploymentPostprocessing = 0;
		};
/* End PBXSourcesBuildPhase section */

/* Begin PBXTargetDependency section */
		893C183A20DA35F40036012A /* PBXTargetDependency */ = {
			isa = PBXTargetDependency;
			target = 893C181F20DA35F40036012A /* 图片合成 */;
			targetProxy = 893C183920DA35F40036012A /* PBXContainerItemProxy */;
		};
		893C184520DA35F40036012A /* PBXTargetDependency */ = {
			isa = PBXTargetDependency;
			target = 893C181F20DA35F40036012A /* 图片合成 */;
			targetProxy = 893C184420DA35F40036012A /* PBXContainerItemProxy */;
		};
/* End PBXTargetDependency section */

/* Begin PBXVariantGroup section */
		893C182920DA35F40036012A /* Main.storyboard */ = {
			isa = PBXVariantGroup;
			children = (
				893C182A20DA35F40036012A /* Base */,
			);
			name = Main.storyboard;
			sourceTree = "<group>";
		};
		893C182E20DA35F40036012A /* LaunchScreen.storyboard */ = {
			isa = PBXVariantGroup;
			children = (
				893C182F20DA35F40036012A /* Base */,
			);
			name = LaunchScreen.storyboard;
			sourceTree = "<group>";
		};
/* End PBXVariantGroup section */

/* Begin XCBuildConfiguration section */
		893C184A20DA35F40036012A /* Debug */ = {
			isa = XCBuildConfiguration;
			buildSettings = {
				ALWAYS_SEARCH_USER_PATHS = NO;
				CLANG_ANALYZER_NONNULL = YES;
				CLANG_ANALYZER_NUMBER_OBJECT_CONVERSION = YES_AGGRESSIVE;
				CLANG_CXX_LANGUAGE_STANDARD = "gnu++14";
				CLANG_CXX_LIBRARY = "libc++";
				CLANG_ENABLE_MODULES = YES;
				CLANG_ENABLE_OBJC_ARC = YES;
				CLANG_WARN_BLOCK_CAPTURE_AUTORELEASING = YES;
				CLANG_WARN_BOOL_CONVERSION = YES;
				CLANG_WARN_COMMA = YES;
				CLANG_WARN_CONSTANT_CONVERSION = YES;
				CLANG_WARN_DIRECT_OBJC_ISA_USAGE = YES_ERROR;
				CLANG_WARN_DOCUMENTATION_COMMENTS = YES;
				CLANG_WARN_EMPTY_BODY = YES;
				CLANG_WARN_ENUM_CONVERSION = YES;
				CLANG_WARN_INFINITE_RECURSION = YES;
				CLANG_WARN_INT_CONVERSION = YES;
				CLANG_WARN_NON_LITERAL_NULL_CONVERSION = YES;
				CLANG_WARN_OBJC_LITERAL_CONVERSION = YES;
				CLANG_WARN_OBJC_ROOT_CLASS = YES_ERROR;
				CLANG_WARN_RANGE_LOOP_ANALYSIS = YES;
				CLANG_WARN_STRICT_PROTOTYPES = YES;
				CLANG_WARN_SUSPICIOUS_MOVE = YES;
				CLANG_WARN_UNGUARDED_AVAILABILITY = YES_AGGRESSIVE;
				CLANG_WARN_UNREACHABLE_CODE = YES;
				CLANG_WARN__DUPLICATE_METHOD_MATCH = YES;
				CODE_SIGN_IDENTITY = "iPhone Developer";
				COPY_PHASE_STRIP = NO;
				DEBUG_INFORMATION_FORMAT = dwarf;
				ENABLE_STRICT_OBJC_MSGSEND = YES;
				ENABLE_TESTABILITY = YES;
				GCC_C_LANGUAGE_STANDARD = gnu11;
				GCC_DYNAMIC_NO_PIC = NO;
				GCC_NO_COMMON_BLOCKS = YES;
				GCC_OPTIMIZATION_LEVEL = 0;
				GCC_PREPROCESSOR_DEFINITIONS = (
					"DEBUG=1",
					"$(inherited)",
				);
				GCC_WARN_64_TO_32_BIT_CONVERSION = YES;
				GCC_WARN_ABOUT_RETURN_TYPE = YES_ERROR;
				GCC_WARN_UNDECLARED_SELECTOR = YES;
				GCC_WARN_UNINITIALIZED_AUTOS = YES_AGGRESSIVE;
				GCC_WARN_UNUSED_FUNCTION = YES;
				GCC_WARN_UNUSED_VARIABLE = YES;
				IPHONEOS_DEPLOYMENT_TARGET = 11.2;
				MTL_ENABLE_DEBUG_INFO = YES;
				ONLY_ACTIVE_ARCH = YES;
				SDKROOT = iphoneos;
			};
			name = Debug;
		};
		893C184B20DA35F40036012A /* Release */ = {
			isa = XCBuildConfiguration;
			buildSettings = {
				ALWAYS_SEARCH_USER_PATHS = NO;
				CLANG_ANALYZER_NONNULL = YES;
				CLANG_ANALYZER_NUMBER_OBJECT_CONVERSION = YES_AGGRESSIVE;
				CLANG_CXX_LANGUAGE_STANDARD = "gnu++14";
				CLANG_CXX_LIBRARY = "libc++";
				CLANG_ENABLE_MODULES = YES;
				CLANG_ENABLE_OBJC_ARC = YES;
				CLANG_WARN_BLOCK_CAPTURE_AUTORELEASING = YES;
				CLANG_WARN_BOOL_CONVERSION = YES;
				CLANG_WARN_COMMA = YES;
				CLANG_WARN_CONSTANT_CONVERSION = YES;
				CLANG_WARN_DIRECT_OBJC_ISA_USAGE = YES_ERROR;
				CLANG_WARN_DOCUMENTATION_COMMENTS = YES;
				CLANG_WARN_EMPTY_BODY = YES;
				CLANG_WARN_ENUM_CONVERSION = YES;
				CLANG_WARN_INFINITE_RECURSION = YES;
				CLANG_WARN_INT_CONVERSION = YES;
				CLANG_WARN_NON_LITERAL_NULL_CONVERSION = YES;
				CLANG_WARN_OBJC_LITERAL_CONVERSION = YES;
				CLANG_WARN_OBJC_ROOT_CLASS = YES_ERROR;
				CLANG_WARN_RANGE_LOOP_ANALYSIS = YES;
				CLANG_WARN_STRICT_PROTOTYPES = YES;
				CLANG_WARN_SUSPICIOUS_MOVE = YES;
				CLANG_WARN_UNGUARDED_AVAILABILITY = YES_AGGRESSIVE;
				CLANG_WARN_UNREACHABLE_CODE = YES;
				CLANG_WARN__DUPLICATE_METHOD_MATCH = YES;
				CODE_SIGN_IDENTITY = "iPhone Developer";
				COPY_PHASE_STRIP = NO;
				DEBUG_INFORMATION_FORMAT = "dwarf-with-dsym";
				ENABLE_NS_ASSERTIONS = NO;
				ENABLE_STRICT_OBJC_MSGSEND = YES;
				GCC_C_LANGUAGE_STANDARD = gnu11;
				GCC_NO_COMMON_BLOCKS = YES;
				GCC_WARN_64_TO_32_BIT_CONVERSION = YES;
				GCC_WARN_ABOUT_RETURN_TYPE = YES_ERROR;
				GCC_WARN_UNDECLARED_SELECTOR = YES;
				GCC_WARN_UNINITIALIZED_AUTOS = YES_AGGRESSIVE;
				GCC_WARN_UNUSED_FUNCTION = YES;
				GCC_WARN_UNUSED_VARIABLE = YES;
				IPHONEOS_DEPLOYMENT_TARGET = 11.2;
				MTL_ENABLE_DEBUG_INFO = NO;
				SDKROOT = iphoneos;
				VALIDATE_PRODUCT = YES;
			};
			name = Release;
		};
		893C184D20DA35F40036012A /* Debug */ = {
			isa = XCBuildConfiguration;
			buildSettings = {
				ASSETCATALOG_COMPILER_APPICON_NAME = AppIcon;
				CODE_SIGN_STYLE = Automatic;
				INFOPLIST_FILE = "图片合成/Info.plist";
				LD_RUNPATH_SEARCH_PATHS = "$(inherited) @executable_path/Frameworks";
				PRODUCT_BUNDLE_IDENTIFIER = "mac1.----";
				PRODUCT_NAME = "$(TARGET_NAME)";
				TARGETED_DEVICE_FAMILY = "1,2";
			};
			name = Debug;
		};
		893C184E20DA35F40036012A /* Release */ = {
			isa = XCBuildConfiguration;
			buildSettings = {
				ASSETCATALOG_COMPILER_APPICON_NAME = AppIcon;
				CODE_SIGN_STYLE = Automatic;
				INFOPLIST_FILE = "图片合成/Info.plist";
				LD_RUNPATH_SEARCH_PATHS = "$(inherited) @executable_path/Frameworks";
				PRODUCT_BUNDLE_IDENTIFIER = "mac1.----";
				PRODUCT_NAME = "$(TARGET_NAME)";
				TARGETED_DEVICE_FAMILY = "1,2";
			};
			name = Release;
		};
		893C185020DA35F40036012A /* Debug */ = {
			isa = XCBuildConfiguration;
			buildSettings = {
				BUNDLE_LOADER = "$(TEST_HOST)";
				CODE_SIGN_STYLE = Automatic;
				INFOPLIST_FILE = "图片合成Tests/Info.plist";
				LD_RUNPATH_SEARCH_PATHS = "$(inherited) @executable_path/Frameworks @loader_path/Frameworks";
				PRODUCT_BUNDLE_IDENTIFIER = "mac1.----Tests";
				PRODUCT_NAME = "$(TARGET_NAME)";
				TARGETED_DEVICE_FAMILY = "1,2";
				TEST_HOST = "$(BUILT_PRODUCTS_DIR)/图片合成.app/图片合成";
			};
			name = Debug;
		};
		893C185120DA35F40036012A /* Release */ = {
			isa = XCBuildConfiguration;
			buildSettings = {
				BUNDLE_LOADER = "$(TEST_HOST)";
				CODE_SIGN_STYLE = Automatic;
				INFOPLIST_FILE = "图片合成Tests/Info.plist";
				LD_RUNPATH_SEARCH_PATHS = "$(inherited) @executable_path/Frameworks @loader_path/Frameworks";
				PRODUCT_BUNDLE_IDENTIFIER = "mac1.----Tests";
				PRODUCT_NAME = "$(TARGET_NAME)";
				TARGETED_DEVICE_FAMILY = "1,2";
				TEST_HOST = "$(BUILT_PRODUCTS_DIR)/图片合成.app/图片合成";
			};
			name = Release;
		};
		893C185320DA35F40036012A /* Debug */ = {
			isa = XCBuildConfiguration;
			buildSettings = {
				CODE_SIGN_STYLE = Automatic;
				INFOPLIST_FILE = "图片合成UITests/Info.plist";
				LD_RUNPATH_SEARCH_PATHS = "$(inherited) @executable_path/Frameworks @loader_path/Frameworks";
				PRODUCT_BUNDLE_IDENTIFIER = "mac1.----UITests";
				PRODUCT_NAME = "$(TARGET_NAME)";
				TARGETED_DEVICE_FAMILY = "1,2";
				TEST_TARGET_NAME = "图片合成";
			};
			name = Debug;
		};
		893C185420DA35F40036012A /* Release */ = {
			isa = XCBuildConfiguration;
			buildSettings = {
				CODE_SIGN_STYLE = Automatic;
				INFOPLIST_FILE = "图片合成UITests/Info.plist";
				LD_RUNPATH_SEARCH_PATHS = "$(inherited) @executable_path/Frameworks @loader_path/Frameworks";
				PRODUCT_BUNDLE_IDENTIFIER = "mac1.----UITests";
				PRODUCT_NAME = "$(TARGET_NAME)";
				TARGETED_DEVICE_FAMILY = "1,2";
				TEST_TARGET_NAME = "图片合成";
			};
			name = Release;
		};
/* End XCBuildConfiguration section */

/* Begin XCConfigurationList section */
		893C181B20DA35F40036012A /* Build configuration list for PBXProject "图片合成" */ = {
			isa = XCConfigurationList;
			buildConfigurations = (
				893C184A20DA35F40036012A /* Debug */,
				893C184B20DA35F40036012A /* Release */,
			);
			defaultConfigurationIsVisible = 0;
			defaultConfigurationName = Release;
		};
		893C184C20DA35F40036012A /* Build configuration list for PBXNativeTarget "图片合成" */ = {
			isa = XCConfigurationList;
			buildConfigurations = (
				893C184D20DA35F40036012A /* Debug */,
				893C184E20DA35F40036012A /* Release */,
			);
			defaultConfigurationIsVisible = 0;
			defaultConfigurationName = Release;
		};
		893C184F20DA35F40036012A /* Build configuration list for PBXNativeTarget "图片合成Tests" */ = {
			isa = XCConfigurationList;
			buildConfigurations = (
				893C185020DA35F40036012A /* Debug */,
				893C185120DA35F40036012A /* Release */,
			);
			defaultConfigurationIsVisible = 0;
			defaultConfigurationName = Release;
		};
		893C185220DA35F40036012A /* Build configuration list for PBXNativeTarget "图片合成UITests" */ = {
			isa = XCConfigurationList;
			buildConfigurations = (
				893C185320DA35F40036012A /* Debug */,
				893C185420DA35F40036012A /* Release */,
			);
			defaultConfigurationIsVisible = 0;
			defaultConfigurationName = Release;
		};
/* End XCConfigurationList section */
	};
	rootObject = 893C181820DA35F40036012A /* Project object */;
}
